// !$*UTF8*$!
{
	archiveVersion = 1;
	classes = {
	};
	objectVersion = 46;
	objects = {

/* Begin PBXBuildFile section */
		C09088CE1C6E0AF900E30B0E /* AppDelegate.swift in Sources */ = {isa = PBXBuildFile; fileRef = C09088CD1C6E0AF900E30B0E /* AppDelegate.swift */; };
		C09088D01C6E0AF900E30B0E /* MasterViewController.swift in Sources */ = {isa = PBXBuildFile; fileRef = C09088CF1C6E0AF900E30B0E /* MasterViewController.swift */; };
		C09088D21C6E0AF900E30B0E /* DetailViewController.swift in Sources */ = {isa = PBXBuildFile; fileRef = C09088D11C6E0AF900E30B0E /* DetailViewController.swift */; };
		C09088D51C6E0AF900E30B0E /* Main.storyboard in Resources */ = {isa = PBXBuildFile; fileRef = C09088D31C6E0AF900E30B0E /* Main.storyboard */; };
		C09088D71C6E0AF900E30B0E /* Assets.xcassets in Resources */ = {isa = PBXBuildFile; fileRef = C09088D61C6E0AF900E30B0E /* Assets.xcassets */; };
		C09088DA1C6E0AF900E30B0E /* LaunchScreen.storyboard in Resources */ = {isa = PBXBuildFile; fileRef = C09088D81C6E0AF900E30B0E /* LaunchScreen.storyboard */; };
/* End PBXBuildFile section */

/* Begin PBXFileReference section */
		C09088CA1C6E0AF900E30B0E /* StormViewer.app */ = {isa = PBXFileReference; explicitFileType = wrapper.application; includeInIndex = 0; path = StormViewer.app; sourceTree = BUILT_PRODUCTS_DIR; };
		C09088CD1C6E0AF900E30B0E /* AppDelegate.swift */ = {isa = PBXFileReference; lastKnownFileType = sourcecode.swift; path = AppDelegate.swift; sourceTree = "<group>"; };
		C09088CF1C6E0AF900E30B0E /* MasterViewController.swift */ = {isa = PBXFileReference; lastKnownFileType = sourcecode.swift; path = MasterViewController.swift; sourceTree = "<group>"; };
		C09088D11C6E0AF900E30B0E /* DetailViewController.swift */ = {isa = PBXFileReference; lastKnownFileType = sourcecode.swift; path = DetailViewController.swift; sourceTree = "<group>"; };
		C09088D41C6E0AF900E30B0E /* Base */ = {isa = PBXFileReference; lastKnownFileType = file.storyboard; name = Base; path = Base.lproj/Main.storyboard; sourceTree = "<group>"; };
		C09088D61C6E0AF900E30B0E /* Assets.xcassets */ = {isa = PBXFileReference; lastKnownFileType = folder.assetcatalog; path = Assets.xcassets; sourceTree = "<group>"; };
		C09088D91C6E0AF900E30B0E /* Base */ = {isa = PBXFileReference; lastKnownFileType = file.storyboard; name = Base; path = Base.lproj/LaunchScreen.storyboard; sourceTree = "<group>"; };
		C09088DB1C6E0AF900E30B0E /* Info.plist */ = {isa = PBXFileReference; lastKnownFileType = text.plist.xml; path = Info.plist; sourceTree = "<group>"; };
/* End PBXFileReference section */

/* Begin PBXFrameworksBuildPhase section */
		C09088C71C6E0AF900E30B0E /* Frameworks */ = {
			isa = PBXFrameworksBuildPhase;
			buildActionMask = 2147483647;
			files = (
			);
			runOnlyForDeploymentPostprocessing = 0;
		};
/* End PBXFrameworksBuildPhase section */

/* Begin PBXGroup section */
		C09088C11C6E0AF900E30B0E = {
			isa = PBXGroup;
			children = (
				C09088CC1C6E0AF900E30B0E /* StormViewer */,
				C09088CB1C6E0AF900E30B0E /* Products */,
			);
			sourceTree = "<group>";
		};
		C09088CB1C6E0AF900E30B0E /* Products */ = {
			isa = PBXGroup;
			children = (
				C09088CA1C6E0AF900E30B0E /* StormViewer.app */,
			);
			name = Products;
			sourceTree = "<group>";
		};
		C09088CC1C6E0AF900E30B0E /* StormViewer */ = {
			isa = PBXGroup;
			children = (
				C09088CD1C6E0AF900E30B0E /* AppDelegate.swift */,
				C09088CF1C6E0AF900E30B0E /* MasterViewController.swift */,
				C09088D11C6E0AF900E30B0E /* DetailViewController.swift */,
				C09088D31C6E0AF900E30B0E /* Main.storyboard */,
				C09088D61C6E0AF900E30B0E /* Assets.xcassets */,
				C09088D81C6E0AF900E30B0E /* LaunchScreen.storyboard */,
				C09088DB1C6E0AF900E30B0E /* Info.plist */,
			);
			path = StormViewer;
			sourceTree = "<group>";
		};
/* End PBXGroup section */

/* Begin PBXNativeTarget section */
		C09088C91C6E0AF900E30B0E /* StormViewer */ = {
			isa = PBXNativeTarget;
			buildConfigurationList = C09088DE1C6E0AF900E30B0E /* Build configuration list for PBXNativeTarget "StormViewer" */;
			buildPhases = (
				C09088C61C6E0AF900E30B0E /* Sources */,
				C09088C71C6E0AF900E30B0E /* Frameworks */,
				C09088C81C6E0AF900E30B0E /* Resources */,
			);
			buildRules = (
			);
			dependencies = (
			);
			name = StormViewer;
			productName = StormViewer;
			productReference = C09088CA1C6E0AF900E30B0E /* StormViewer.app */;
			productType = "com.apple.product-type.application";
		};
/* End PBXNativeTarget section */

/* Begin PBXProject section */
		C09088C21C6E0AF900E30B0E /* Project object */ = {
			isa = PBXProject;
			attributes = {
				LastSwiftUpdateCheck = 0720;
				LastUpgradeCheck = 0720;
				ORGANIZATIONNAME = "Besjana Shabani";
				TargetAttributes = {
					C09088C91C6E0AF900E30B0E = {
						CreatedOnToolsVersion = 7.2;
						DevelopmentTeam = ANGPEH44GW;
					};
				};
			};
			buildConfigurationList = C09088C51C6E0AF900E30B0E /* Build configuration list for PBXProject "StormViewer" */;
			compatibilityVersion = "Xcode 3.2";
			developmentRegion = English;
			hasScannedForEncodings = 0;
			knownRegions = (
				en,
				Base,
			);
			mainGroup = C09088C11C6E0AF900E30B0E;
			productRefGroup = C09088CB1C6E0AF900E30B0E /* Products */;
			projectDirPath = "";
			projectRoot = "";
			targets = (
				C09088C91C6E0AF900E30B0E /* StormViewer */,
			);
		};
/* End PBXProject section */

/* Begin PBXResourcesBuildPhase section */
		C09088C81C6E0AF900E30B0E /* Resources */ = {
			isa = PBXResourcesBuildPhase;
			buildActionMask = 2147483647;
			files = (
				C09088DA1C6E0AF900E30B0E /* LaunchScreen.storyboard in Resources */,
				C09088D71C6E0AF900E30B0E /* Assets.xcassets in Resources */,
				C09088D51C6E0AF900E30B0E /* Main.storyboard in Resources */,
			);
			runOnlyForDeploymentPostprocessing = 0;
		};
/* End PBXResourcesBuildPhase section */

/* Begin PBXSourcesBuildPhase section */
		C09088C61C6E0AF900E30B0E /* Sources */ = {
			isa = PBXSourcesBuildPhase;
			buildActionMask = 2147483647;
			files = (
				C09088D21C6E0AF900E30B0E /* DetailViewController.swift in Sources */,
				C09088D01C6E0AF900E30B0E /* MasterViewController.swift in Sources */,
				C09088CE1C6E0AF900E30B0E /* AppDelegate.swift in Sources */,
			);
			runOnlyForDeploymentPostprocessing = 0;
		};
/* End PBXSourcesBuildPhase section */

/* Begin PBXVariantGroup section */
		C09088D31C6E0AF900E30B0E /* Main.storyboard */ = {
			isa = PBXVariantGroup;
			children = (
				C09088D41C6E0AF900E30B0E /* Base */,
			);
			name = Main.storyboard;
			sourceTree = "<group>";
		};
		C09088D81C6E0AF900E30B0E /* LaunchScreen.storyboard */ = {
			isa = PBXVariantGroup;
			children = (
				C09088D91C6E0AF900E30B0E /* Base */,
			);
			name = LaunchScreen.storyboard;
			sourceTree = "<group>";
		};
/* End PBXVariantGroup section */

/* Begin XCBuildConfiguration section */
		C09088DC1C6E0AF900E30B0E /* Debug */ = {
			isa = XCBuildConfiguration;
			buildSettings = {
				ALWAYS_SEARCH_USER_PATHS = NO;
				CLANG_CXX_LANGUAGE_STANDARD = "gnu++0x";
				CLANG_CXX_LIBRARY = "libc++";
				CLANG_ENABLE_MODULES = YES;
				CLANG_ENABLE_OBJC_ARC = YES;
				CLANG_WARN_BOOL_CONVERSION = YES;
				CLANG_WARN_CONSTANT_CONVERSION = YES;
				CLANG_WARN_DIRECT_OBJC_ISA_USAGE = YES_ERROR;
				CLANG_WARN_EMPTY_BODY = YES;
				CLANG_WARN_ENUM_CONVERSION = YES;
				CLANG_WARN_INT_CONVERSION = YES;
				CLANG_WARN_OBJC_ROOT_CLASS = YES_ERROR;
				CLANG_WARN_UNREACHABLE_CODE = YES;
				CLANG_WARN__DUPLICATE_METHOD_MATCH = YES;
				"CODE_SIGN_IDENTITY[sdk=iphoneos*]" = "iPhone Developer";
				COPY_PHASE_STRIP = NO;
				DEBUG_INFORMATION_FORMAT = dwarf;
				ENABLE_STRICT_OBJC_MSGSEND = YES;
				ENABLE_TESTABILITY = YES;
				GCC_C_LANGUAGE_STANDARD = gnu99;
				GCC_DYNAMIC_NO_PIC = NO;
				GCC_NO_COMMON_BLOCKS = YES;
				GCC_OPTIMIZATION_LEVEL = 0;
				GCC_PREPROCESSOR_DEFINITIONS = (
					"DEBUG=1",
					"$(inherited)",
				);
				GCC_WARN_64_TO_32_BIT_CONVERSION = YES;
				GCC_WARN_ABOUT_RETURN_TYPE = YES_ERROR;
				GCC_WARN_UNDECLARED_SELECTOR = YES;
				GCC_WARN_UNINITIALIZED_AUTOS = YES_AGGRESSIVE;
				GCC_WARN_UNUSED_FUNCTION = YES;
				GCC_WARN_UNUSED_VARIABLE = YES;
				IPHONEOS_DEPLOYMENT_TARGET = 9.2;
				MTL_ENABLE_DEBUG_INFO = YES;
				ONLY_ACTIVE_ARCH = YES;
				SDKROOT = iphoneos;
				SWIFT_OPTIMIZATION_LEVEL = "-Onone";
				TARGETED_DEVICE_FAMILY = "1,2";
			};
			name = Debug;
		};
		C09088DD1C6E0AF900E30B0E /* Release */ = {
			isa = XCBuildConfiguration;
			buildSettings = {
				ALWAYS_SEARCH_USER_PATHS = NO;
				CLANG_CXX_LANGUAGE_STANDARD = "gnu++0x";
				CLANG_CXX_LIBRARY = "libc++";
				CLANG_ENABLE_MODULES = YES;
				CLANG_ENABLE_OBJC_ARC = YES;
				CLANG_WARN_BOOL_CONVERSION = YES;
				CLANG_WARN_CONSTANT_CONVERSION = YES;
				CLANG_WARN_DIRECT_OBJC_ISA_USAGE = YES_ERROR;
				CLANG_WARN_EMPTY_BODY = YES;
				CLANG_WARN_ENUM_CONVERSION = YES;
				CLANG_WARN_INT_CONVERSION = YES;
				CLANG_WARN_OBJC_ROOT_CLASS = YES_ERROR;
				CLANG_WARN_UNREACHABLE_CODE = YES;
				CLANG_WARN__DUPLICATE_METHOD_MATCH = YES;
				"CODE_SIGN_IDENTITY[sdk=iphoneos*]" = "iPhone Developer";
				COPY_PHASE_STRIP = NO;
				DEBUG_INFORMATION_FORMAT = "dwarf-with-dsym";
				ENABLE_NS_ASSERTIONS = NO;
				ENABLE_STRICT_OBJC_MSGSEND = YES;
				GCC_C_LANGUAGE_STANDARD = gnu99;
				GCC_NO_COMMON_BLOCKS = YES;
				GCC_WARN_64_TO_32_BIT_CONVERSION = YES;
				GCC_WARN_ABOUT_RETURN_TYPE = YES_ERROR;
				GCC_WARN_UNDECLARED_SELECTOR = YES;
				GCC_WARN_UNINITIALIZED_AUTOS = YES_AGGRESSIVE;
				GCC_WARN_UNUSED_FUNCTION = YES;
				GCC_WARN_UNUSED_VARIABLE = YES;
				IPHONEOS_DEPLOYMENT_TARGET = 9.2;
				MTL_ENABLE_DEBUG_INFO = NO;
				SDKROOT = iphoneos;
				TARGETED_DEVICE_FAMILY = "1,2";
				VALIDATE_PRODUCT = YES;
			};
			name = Release;
		};
		C09088DF1C6E0AF900E30B0E /* Debug */ = {
			isa = XCBuildConfiguration;
			buildSettings = {
				ASSETCATALOG_COMPILER_APPICON_NAME = AppIcon;
				INFOPLIST_FILE = StormViewer/Info.plist;
				LD_RUNPATH_SEARCH_PATHS = "$(inherited) @executable_path/Frameworks";
				PRODUCT_BUNDLE_IDENTIFIER = JWD.StormViewer;
				PRODUCT_NAME = "$(TARGET_NAME)";
			};
			name = Debug;
		};
		C09088E01C6E0AF900E30B0E /* Release */ = {
			isa = XCBuildConfiguration;
			buildSettings = {
				ASSETCATALOG_COMPILER_APPICON_NAME = AppIcon;
				INFOPLIST_FILE = StormViewer/Info.plist;
				LD_RUNPATH_SEARCH_PATHS = "$(inherited) @executable_path/Frameworks";
				PRODUCT_BUNDLE_IDENTIFIER = JWD.StormViewer;
				PRODUCT_NAME = "$(TARGET_NAME)";
			};
			name = Release;
		};
/* End XCBuildConfiguration section */

/* Begin XCConfigurationList section */
		C09088C51C6E0AF900E30B0E /* Build configuration list for PBXProject "StormViewer" */ = {
			isa = XCConfigurationList;
			buildConfigurations = (
				C09088DC1C6E0AF900E30B0E /* Debug */,
				C09088DD1C6E0AF900E30B0E /* Release */,
			);
			defaultConfigurationIsVisible = 0;
			defaultConfigurationName = Release;
		};
		C09088DE1C6E0AF900E30B0E /* Build configuration list for PBXNativeTarget "StormViewer" */ = {
			isa = XCConfigurationList;
			buildConfigurations = (
				C09088DF1C6E0AF900E30B0E /* Debug */,
				C09088E01C6E0AF900E30B0E /* Release */,
			);
			defaultConfigurationIsVisible = 0;
		};
/* End XCConfigurationList section */
	};
	rootObject = C09088C21C6E0AF900E30B0E /* Project object */;
}
